
Microsoft Visual Studio Solution File, Format Version 12.00
# Visual Studio Version 17
VisualStudioVersion = 17.12.35527.113
MinimumVisualStudioVersion = 10.0.40219.1
Project("{FAE04EC0-301F-11D3-BF4B-00C04F79EFBC}") = "Api_testing", "Api_testing\Api_testing.csproj", "{17D9FE86-F747-4CD2-819F-F921994F16AB}"
EndProject
Project("{2150E333-8FDC-42A3-9474-1A3956D46DE8}") = "Solution Items", "Solution Items", "{8476FEC7-5AB7-4237-9D89-5AF7BEBACD13}"
	ProjectSection(SolutionItems) = preProject
		.gitignore = .gitignore
	EndProjectSection
EndProject
Global
	GlobalSection(SolutionConfigurationPlatforms) = preSolution
		Debug|Any CPU = Debug|Any CPU
		Release|Any CPU = Release|Any CPU
	EndGlobalSection
	GlobalSection(ProjectConfigurationPlatforms) = postSolution
		{17D9FE86-F747-4CD2-819F-F921994F16AB}.Debug|Any CPU.ActiveCfg = Debug|Any CPU
		{17D9FE86-F747-4CD2-819F-F921994F16AB}.Debug|Any CPU.Build.0 = Debug|Any CPU
		{17D9FE86-F747-4CD2-819F-F921994F16AB}.Release|Any CPU.ActiveCfg = Release|Any CPU
		{17D9FE86-F747-4CD2-819F-F921994F16AB}.Release|Any CPU.Build.0 = Release|Any CPU
	EndGlobalSection
	GlobalSection(SolutionProperties) = preSolution
		HideSolutionNode = FALSE
	EndGlobalSection
EndGlobal
